
Microsoft Visual Studio Solution File, Format Version 12.00
# Visual Studio 14
VisualStudioVersion = 14.0.22823.1
MinimumVisualStudioVersion = 10.0.40219.1
Project("{9092AA53-FB77-4645-B42D-1CCCA6BD08BD}") = "node-sqlite", "node-sqlite\node-sqlite.njsproj", "{185D038A-4ED9-4B2F-839A-355CAAC4652F}"
EndProject
Global
	GlobalSection(SolutionConfigurationPlatforms) = preSolution
		Debug|Any CPU = Debug|Any CPU
		Release|Any CPU = Release|Any CPU
	EndGlobalSection
	GlobalSection(ProjectConfigurationPlatforms) = postSolution
		{185D038A-4ED9-4B2F-839A-355CAAC4652F}.Debug|Any CPU.ActiveCfg = Debug|Any CPU
		{185D038A-4ED9-4B2F-839A-355CAAC4652F}.Debug|Any CPU.Build.0 = Debug|Any CPU
		{185D038A-4ED9-4B2F-839A-355CAAC4652F}.Release|Any CPU.ActiveCfg = Release|Any CPU
		{185D038A-4ED9-4B2F-839A-355CAAC4652F}.Release|Any CPU.Build.0 = Release|Any CPU
	EndGlobalSection
	GlobalSection(SolutionProperties) = preSolution
		HideSolutionNode = FALSE
	EndGlobalSection
EndGlobal
